
Microsoft Visual Studio Solution File, Format Version 12.00
# Visual Studio Version 16
VisualStudioVersion = 16.0.29905.134
MinimumVisualStudioVersion = 10.0.40219.1
Project("{FAE04EC0-301F-11D3-BF4B-00C04F79EFBC}") = "AppBaseXf.UWP", "AppBaseXf\AppBaseXf.UWP\AppBaseXf.UWP.csproj", "{C8AC30D4-9DCF-40F2-98F2-060E40D89D6A}"
EndProject
Project("{FAE04EC0-301F-11D3-BF4B-00C04F79EFBC}") = "AppBaseXf.Android", "AppBaseXf\AppBaseXf.Android\AppBaseXf.Android.csproj", "{AD93C4E9-37D9-474E-A97B-8259364477C6}"
EndProject
Project("{FAE04EC0-301F-11D3-BF4B-00C04F79EFBC}") = "AppBaseXf.iOS", "AppBaseXf\AppBaseXf.iOS\AppBaseXf.iOS.csproj", "{7FACB6CF-1160-4F31-87A4-FA3C5B1D1310}"
EndProject
Project("{FAE04EC0-301F-11D3-BF4B-00C04F79EFBC}") = "AppBaseXf", "AppBaseXf\AppBaseXf\AppBaseXf.csproj", "{FDDFAACF-CC47-4AB9-8300-568A6243D73F}"
EndProject
Global
	GlobalSection(SolutionConfigurationPlatforms) = preSolution
		Debug|Any CPU = Debug|Any CPU
		Debug|ARM = Debug|ARM
		Debug|iPhone = Debug|iPhone
		Debug|iPhoneSimulator = Debug|iPhoneSimulator
		Debug|x64 = Debug|x64
		Debug|x86 = Debug|x86
		Release|Any CPU = Release|Any CPU
		Release|ARM = Release|ARM
		Release|iPhone = Release|iPhone
		Release|iPhoneSimulator = Release|iPhoneSimulator
		Release|x64 = Release|x64
		Release|x86 = Release|x86
	EndGlobalSection
	GlobalSection(ProjectConfigurationPlatforms) = postSolution
		{C8AC30D4-9DCF-40F2-98F2-060E40D89D6A}.Debug|Any CPU.ActiveCfg = Debug|x86
		{C8AC30D4-9DCF-40F2-98F2-060E40D89D6A}.Debug|Any CPU.Build.0 = Debug|x86
		{C8AC30D4-9DCF-40F2-98F2-060E40D89D6A}.Debug|Any CPU.Deploy.0 = Debug|x86
		{C8AC30D4-9DCF-40F2-98F2-060E40D89D6A}.Debug|ARM.ActiveCfg = Debug|ARM
		{C8AC30D4-9DCF-40F2-98F2-060E40D89D6A}.Debug|ARM.Build.0 = Debug|ARM
		{C8AC30D4-9DCF-40F2-98F2-060E40D89D6A}.Debug|ARM.Deploy.0 = Debug|ARM
		{C8AC30D4-9DCF-40F2-98F2-060E40D89D6A}.Debug|iPhone.ActiveCfg = Debug|x86
		{C8AC30D4-9DCF-40F2-98F2-060E40D89D6A}.Debug|iPhone.Build.0 = Debug|x86
		{C8AC30D4-9DCF-40F2-98F2-060E40D89D6A}.Debug|iPhone.Deploy.0 = Debug|x86
		{C8AC30D4-9DCF-40F2-98F2-060E40D89D6A}.Debug|iPhoneSimulator.ActiveCfg = Debug|x86
		{C8AC30D4-9DCF-40F2-98F2-060E40D89D6A}.Debug|iPhoneSimulator.Build.0 = Debug|x86
		{C8AC30D4-9DCF-40F2-98F2-060E40D89D6A}.Debug|iPhoneSimulator.Deploy.0 = Debug|x86
		{C8AC30D4-9DCF-40F2-98F2-060E40D89D6A}.Debug|x64.ActiveCfg = Debug|x64
		{C8AC30D4-9DCF-40F2-98F2-060E40D89D6A}.Debug|x64.Build.0 = Debug|x64
		{C8AC30D4-9DCF-40F2-98F2-060E40D89D6A}.Debug|x64.Deploy.0 = Debug|x64
		{C8AC30D4-9DCF-40F2-98F2-060E40D89D6A}.Debug|x86.ActiveCfg = Debug|x86
		{C8AC30D4-9DCF-40F2-98F2-060E40D89D6A}.Debug|x86.Build.0 = Debug|x86
		{C8AC30D4-9DCF-40F2-98F2-060E40D89D6A}.Debug|x86.Deploy.0 = Debug|x86
		{C8AC30D4-9DCF-40F2-98F2-060E40D89D6A}.Release|Any CPU.ActiveCfg = Release|x86
		{C8AC30D4-9DCF-40F2-98F2-060E40D89D6A}.Release|Any CPU.Build.0 = Release|x86
		{C8AC30D4-9DCF-40F2-98F2-060E40D89D6A}.Release|Any CPU.Deploy.0 = Release|x86
		{C8AC30D4-9DCF-40F2-98F2-060E40D89D6A}.Release|ARM.ActiveCfg = Release|ARM
		{C8AC30D4-9DCF-40F2-98F2-060E40D89D6A}.Release|ARM.Build.0 = Release|ARM
		{C8AC30D4-9DCF-40F2-98F2-060E40D89D6A}.Release|ARM.Deploy.0 = Release|ARM
		{C8AC30D4-9DCF-40F2-98F2-060E40D89D6A}.Release|iPhone.ActiveCfg = Release|x86
		{C8AC30D4-9DCF-40F2-98F2-060E40D89D6A}.Release|iPhone.Build.0 = Release|x86
		{C8AC30D4-9DCF-40F2-98F2-060E40D89D6A}.Release|iPhone.Deploy.0 = Release|x86
		{C8AC30D4-9DCF-40F2-98F2-060E40D89D6A}.Release|iPhoneSimulator.ActiveCfg = Release|x86
		{C8AC30D4-9DCF-40F2-98F2-060E40D89D6A}.Release|iPhoneSimulator.Build.0 = Release|x86
		{C8AC30D4-9DCF-40F2-98F2-060E40D89D6A}.Release|iPhoneSimulator.Deploy.0 = Release|x86
		{C8AC30D4-9DCF-40F2-98F2-060E40D89D6A}.Release|x64.ActiveCfg = Release|x64
		{C8AC30D4-9DCF-40F2-98F2-060E40D89D6A}.Release|x64.Build.0 = Release|x64
		{C8AC30D4-9DCF-40F2-98F2-060E40D89D6A}.Release|x64.Deploy.0 = Release|x64
		{C8AC30D4-9DCF-40F2-98F2-060E40D89D6A}.Release|x86.ActiveCfg = Release|x86
		{C8AC30D4-9DCF-40F2-98F2-060E40D89D6A}.Release|x86.Build.0 = Release|x86
		{C8AC30D4-9DCF-40F2-98F2-060E40D89D6A}.Release|x86.Deploy.0 = Release|x86
		{AD93C4E9-37D9-474E-A97B-8259364477C6}.Debug|Any CPU.ActiveCfg = Debug|Any CPU
		{AD93C4E9-37D9-474E-A97B-8259364477C6}.Debug|Any CPU.Build.0 = Debug|Any CPU
		{AD93C4E9-37D9-474E-A97B-8259364477C6}.Debug|Any CPU.Deploy.0 = Debug|Any CPU
		{AD93C4E9-37D9-474E-A97B-8259364477C6}.Debug|ARM.ActiveCfg = Debug|Any CPU
		{AD93C4E9-37D9-474E-A97B-8259364477C6}.Debug|ARM.Build.0 = Debug|Any CPU
		{AD93C4E9-37D9-474E-A97B-8259364477C6}.Debug|ARM.Deploy.0 = Debug|Any CPU
		{AD93C4E9-37D9-474E-A97B-8259364477C6}.Debug|iPhone.ActiveCfg = Debug|Any CPU
		{AD93C4E9-37D9-474E-A97B-8259364477C6}.Debug|iPhone.Build.0 = Debug|Any CPU
		{AD93C4E9-37D9-474E-A97B-8259364477C6}.Debug|iPhone.Deploy.0 = Debug|Any CPU
		{AD93C4E9-37D9-474E-A97B-8259364477C6}.Debug|iPhoneSimulator.ActiveCfg = Debug|Any CPU
		{AD93C4E9-37D9-474E-A97B-8259364477C6}.Debug|iPhoneSimulator.Build.0 = Debug|Any CPU
		{AD93C4E9-37D9-474E-A97B-8259364477C6}.Debug|iPhoneSimulator.Deploy.0 = Debug|Any CPU
		{AD93C4E9-37D9-474E-A97B-8259364477C6}.Debug|x64.ActiveCfg = Debug|Any CPU
		{AD93C4E9-37D9-474E-A97B-8259364477C6}.Debug|x64.Build.0 = Debug|Any CPU
		{AD93C4E9-37D9-474E-A97B-8259364477C6}.Debug|x64.Deploy.0 = Debug|Any CPU
		{AD93C4E9-37D9-474E-A97B-8259364477C6}.Debug|x86.ActiveCfg = Debug|Any CPU
		{AD93C4E9-37D9-474E-A97B-8259364477C6}.Debug|x86.Build.0 = Debug|Any CPU
		{AD93C4E9-37D9-474E-A97B-8259364477C6}.Debug|x86.Deploy.0 = Debug|Any CPU
		{AD93C4E9-37D9-474E-A97B-8259364477C6}.Release|Any CPU.ActiveCfg = Release|Any CPU
		{AD93C4E9-37D9-474E-A97B-8259364477C6}.Release|Any CPU.Build.0 = Release|Any CPU
		{AD93C4E9-37D9-474E-A97B-8259364477C6}.Release|Any CPU.Deploy.0 = Release|Any CPU
		{AD93C4E9-37D9-474E-A97B-8259364477C6}.Release|ARM.ActiveCfg = Release|Any CPU
		{AD93C4E9-37D9-474E-A97B-8259364477C6}.Release|ARM.Build.0 = Release|Any CPU
		{AD93C4E9-37D9-474E-A97B-8259364477C6}.Release|ARM.Deploy.0 = Release|Any CPU
		{AD93C4E9-37D9-474E-A97B-8259364477C6}.Release|iPhone.ActiveCfg = Release|Any CPU
		{AD93C4E9-37D9-474E-A97B-8259364477C6}.Release|iPhone.Build.0 = Release|Any CPU
		{AD93C4E9-37D9-474E-A97B-8259364477C6}.Release|iPhone.Deploy.0 = Release|Any CPU
		{AD93C4E9-37D9-474E-A97B-8259364477C6}.Release|iPhoneSimulator.ActiveCfg = Release|Any CPU
		{AD93C4E9-37D9-474E-A97B-8259364477C6}.Release|iPhoneSimulator.Build.0 = Release|Any CPU
		{AD93C4E9-37D9-474E-A97B-8259364477C6}.Release|iPhoneSimulator.Deploy.0 = Release|Any CPU
		{AD93C4E9-37D9-474E-A97B-8259364477C6}.Release|x64.ActiveCfg = Release|Any CPU
		{AD93C4E9-37D9-474E-A97B-8259364477C6}.Release|x64.Build.0 = Release|Any CPU
		{AD93C4E9-37D9-474E-A97B-8259364477C6}.Release|x64.Deploy.0 = Release|Any CPU
		{AD93C4E9-37D9-474E-A97B-8259364477C6}.Release|x86.ActiveCfg = Release|Any CPU
		{AD93C4E9-37D9-474E-A97B-8259364477C6}.Release|x86.Build.0 = Release|Any CPU
		{AD93C4E9-37D9-474E-A97B-8259364477C6}.Release|x86.Deploy.0 = Release|Any CPU
		{7FACB6CF-1160-4F31-87A4-FA3C5B1D1310}.Debug|Any CPU.ActiveCfg = Debug|iPhone
		{7FACB6CF-1160-4F31-87A4-FA3C5B1D1310}.Debug|Any CPU.Build.0 = Debug|iPhone
		{7FACB6CF-1160-4F31-87A4-FA3C5B1D1310}.Debug|Any CPU.Deploy.0 = Debug|iPhone
		{7FACB6CF-1160-4F31-87A4-FA3C5B1D1310}.Debug|ARM.ActiveCfg = Debug|iPhoneSimulator
		{7FACB6CF-1160-4F31-87A4-FA3C5B1D1310}.Debug|ARM.Build.0 = Debug|iPhoneSimulator
		{7FACB6CF-1160-4F31-87A4-FA3C5B1D1310}.Debug|ARM.Deploy.0 = Debug|iPhoneSimulator
		{7FACB6CF-1160-4F31-87A4-FA3C5B1D1310}.Debug|iPhone.ActiveCfg = Debug|iPhone
		{7FACB6CF-1160-4F31-87A4-FA3C5B1D1310}.Debug|iPhone.Build.0 = Debug|iPhone
		{7FACB6CF-1160-4F31-87A4-FA3C5B1D1310}.Debug|iPhone.Deploy.0 = Debug|iPhone
		{7FACB6CF-1160-4F31-87A4-FA3C5B1D1310}.Debug|iPhoneSimulator.ActiveCfg = Debug|iPhoneSimulator
		{7FACB6CF-1160-4F31-87A4-FA3C5B1D1310}.Debug|iPhoneSimulator.Build.0 = Debug|iPhoneSimulator
		{7FACB6CF-1160-4F31-87A4-FA3C5B1D1310}.Debug|iPhoneSimulator.Deploy.0 = Debug|iPhoneSimulator
		{7FACB6CF-1160-4F31-87A4-FA3C5B1D1310}.Debug|x64.ActiveCfg = Debug|iPhone
		{7FACB6CF-1160-4F31-87A4-FA3C5B1D1310}.Debug|x64.Build.0 = Debug|iPhone
		{7FACB6CF-1160-4F31-87A4-FA3C5B1D1310}.Debug|x64.Deploy.0 = Debug|iPhone
		{7FACB6CF-1160-4F31-87A4-FA3C5B1D1310}.Debug|x86.ActiveCfg = Debug|iPhone
		{7FACB6CF-1160-4F31-87A4-FA3C5B1D1310}.Debug|x86.Build.0 = Debug|iPhone
		{7FACB6CF-1160-4F31-87A4-FA3C5B1D1310}.Debug|x86.Deploy.0 = Debug|iPhone
		{7FACB6CF-1160-4F31-87A4-FA3C5B1D1310}.Release|Any CPU.ActiveCfg = Release|iPhone
		{7FACB6CF-1160-4F31-87A4-FA3C5B1D1310}.Release|Any CPU.Build.0 = Release|iPhone
		{7FACB6CF-1160-4F31-87A4-FA3C5B1D1310}.Release|Any CPU.Deploy.0 = Release|iPhone
		{7FACB6CF-1160-4F31-87A4-FA3C5B1D1310}.Release|ARM.ActiveCfg = Release|iPhone
		{7FACB6CF-1160-4F31-87A4-FA3C5B1D1310}.Release|ARM.Build.0 = Release|iPhone
		{7FACB6CF-1160-4F31-87A4-FA3C5B1D1310}.Release|ARM.Deploy.0 = Release|iPhone
		{7FACB6CF-1160-4F31-87A4-FA3C5B1D1310}.Release|iPhone.ActiveCfg = Release|iPhone
		{7FACB6CF-1160-4F31-87A4-FA3C5B1D1310}.Release|iPhone.Build.0 = Release|iPhone
		{7FACB6CF-1160-4F31-87A4-FA3C5B1D1310}.Release|iPhone.Deploy.0 = Release|iPhone
		{7FACB6CF-1160-4F31-87A4-FA3C5B1D1310}.Release|iPhoneSimulator.ActiveCfg = Release|iPhoneSimulator
		{7FACB6CF-1160-4F31-87A4-FA3C5B1D1310}.Release|iPhoneSimulator.Build.0 = Release|iPhoneSimulator
		{7FACB6CF-1160-4F31-87A4-FA3C5B1D1310}.Release|iPhoneSimulator.Deploy.0 = Release|iPhoneSimulator
		{7FACB6CF-1160-4F31-87A4-FA3C5B1D1310}.Release|x64.ActiveCfg = Release|iPhone
		{7FACB6CF-1160-4F31-87A4-FA3C5B1D1310}.Release|x64.Build.0 = Release|iPhone
		{7FACB6CF-1160-4F31-87A4-FA3C5B1D1310}.Release|x64.Deploy.0 = Release|iPhone
		{7FACB6CF-1160-4F31-87A4-FA3C5B1D1310}.Release|x86.ActiveCfg = Release|iPhone
		{7FACB6CF-1160-4F31-87A4-FA3C5B1D1310}.Release|x86.Build.0 = Release|iPhone
		{7FACB6CF-1160-4F31-87A4-FA3C5B1D1310}.Release|x86.Deploy.0 = Release|iPhone
		{FDDFAACF-CC47-4AB9-8300-568A6243D73F}.Debug|Any CPU.ActiveCfg = Debug|Any CPU
		{FDDFAACF-CC47-4AB9-8300-568A6243D73F}.Debug|Any CPU.Build.0 = Debug|Any CPU
		{FDDFAACF-CC47-4AB9-8300-568A6243D73F}.Debug|Any CPU.Deploy.0 = Debug|Any CPU
		{FDDFAACF-CC47-4AB9-8300-568A6243D73F}.Debug|ARM.ActiveCfg = Debug|Any CPU
		{FDDFAACF-CC47-4AB9-8300-568A6243D73F}.Debug|ARM.Build.0 = Debug|Any CPU
		{FDDFAACF-CC47-4AB9-8300-568A6243D73F}.Debug|ARM.Deploy.0 = Debug|Any CPU
		{FDDFAACF-CC47-4AB9-8300-568A6243D73F}.Debug|iPhone.ActiveCfg = Debug|Any CPU
		{FDDFAACF-CC47-4AB9-8300-568A6243D73F}.Debug|iPhone.Build.0 = Debug|Any CPU
		{FDDFAACF-CC47-4AB9-8300-568A6243D73F}.Debug|iPhone.Deploy.0 = Debug|Any CPU
		{FDDFAACF-CC47-4AB9-8300-568A6243D73F}.Debug|iPhoneSimulator.ActiveCfg = Debug|Any CPU
		{FDDFAACF-CC47-4AB9-8300-568A6243D73F}.Debug|iPhoneSimulator.Build.0 = Debug|Any CPU
		{FDDFAACF-CC47-4AB9-8300-568A6243D73F}.Debug|iPhoneSimulator.Deploy.0 = Debug|Any CPU
		{FDDFAACF-CC47-4AB9-8300-568A6243D73F}.Debug|x64.ActiveCfg = Debug|Any CPU
		{FDDFAACF-CC47-4AB9-8300-568A6243D73F}.Debug|x64.Build.0 = Debug|Any CPU
		{FDDFAACF-CC47-4AB9-8300-568A6243D73F}.Debug|x64.Deploy.0 = Debug|Any CPU
		{FDDFAACF-CC47-4AB9-8300-568A6243D73F}.Debug|x86.ActiveCfg = Debug|Any CPU
		{FDDFAACF-CC47-4AB9-8300-568A6243D73F}.Debug|x86.Build.0 = Debug|Any CPU
		{FDDFAACF-CC47-4AB9-8300-568A6243D73F}.Debug|x86.Deploy.0 = Debug|Any CPU
		{FDDFAACF-CC47-4AB9-8300-568A6243D73F}.Release|Any CPU.ActiveCfg = Release|Any CPU
		{FDDFAACF-CC47-4AB9-8300-568A6243D73F}.Release|Any CPU.Build.0 = Release|Any CPU
		{FDDFAACF-CC47-4AB9-8300-568A6243D73F}.Release|Any CPU.Deploy.0 = Release|Any CPU
		{FDDFAACF-CC47-4AB9-8300-568A6243D73F}.Release|ARM.ActiveCfg = Release|Any CPU
		{FDDFAACF-CC47-4AB9-8300-568A6243D73F}.Release|ARM.Build.0 = Release|Any CPU
		{FDDFAACF-CC47-4AB9-8300-568A6243D73F}.Release|ARM.Deploy.0 = Release|Any CPU
		{FDDFAACF-CC47-4AB9-8300-568A6243D73F}.Release|iPhone.ActiveCfg = Release|Any CPU
		{FDDFAACF-CC47-4AB9-8300-568A6243D73F}.Release|iPhone.Build.0 = Release|Any CPU
		{FDDFAACF-CC47-4AB9-8300-568A6243D73F}.Release|iPhone.Deploy.0 = Release|Any CPU
		{FDDFAACF-CC47-4AB9-8300-568A6243D73F}.Release|iPhoneSimulator.ActiveCfg = Release|Any CPU
		{FDDFAACF-CC47-4AB9-8300-568A6243D73F}.Release|iPhoneSimulator.Build.0 = Release|Any CPU
		{FDDFAACF-CC47-4AB9-8300-568A6243D73F}.Release|iPhoneSimulator.Deploy.0 = Release|Any CPU
		{FDDFAACF-CC47-4AB9-8300-568A6243D73F}.Release|x64.ActiveCfg = Release|Any CPU
		{FDDFAACF-CC47-4AB9-8300-568A6243D73F}.Release|x64.Build.0 = Release|Any CPU
		{FDDFAACF-CC47-4AB9-8300-568A6243D73F}.Release|x64.Deploy.0 = Release|Any CPU
		{FDDFAACF-CC47-4AB9-8300-568A6243D73F}.Release|x86.ActiveCfg = Release|Any CPU
		{FDDFAACF-CC47-4AB9-8300-568A6243D73F}.Release|x86.Build.0 = Release|Any CPU
		{FDDFAACF-CC47-4AB9-8300-568A6243D73F}.Release|x86.Deploy.0 = Release|Any CPU
	EndGlobalSection
	GlobalSection(SolutionProperties) = preSolution
		HideSolutionNode = FALSE
	EndGlobalSection
	GlobalSection(ExtensibilityGlobals) = postSolution
		SolutionGuid = {F8584827-C37C-49B3-80ED-FFD0CFCA3B60}
	EndGlobalSection
EndGlobal
